
Microsoft Visual Studio Solution File, Format Version 12.00
# Visual Studio Version 16
VisualStudioVersion = 16.0.32126.315
MinimumVisualStudioVersion = 10.0.40219.1
Project("{FAE04EC0-301F-11D3-BF4B-00C04F79EFBC}") = "SeleniumTestCalculator", "SeleniumTestCalculator\SeleniumTestCalculator.csproj", "{4CFE72F5-E3CF-4C46-B436-A530793C0A9A}"
EndProject
Global
	GlobalSection(SolutionConfigurationPlatforms) = preSolution
		Debug|Any CPU = Debug|Any CPU
		Release|Any CPU = Release|Any CPU
	EndGlobalSection
	GlobalSection(ProjectConfigurationPlatforms) = postSolution
		{4CFE72F5-E3CF-4C46-B436-A530793C0A9A}.Debug|Any CPU.ActiveCfg = Debug|Any CPU
		{4CFE72F5-E3CF-4C46-B436-A530793C0A9A}.Debug|Any CPU.Build.0 = Debug|Any CPU
		{4CFE72F5-E3CF-4C46-B436-A530793C0A9A}.Release|Any CPU.ActiveCfg = Release|Any CPU
		{4CFE72F5-E3CF-4C46-B436-A530793C0A9A}.Release|Any CPU.Build.0 = Release|Any CPU
	EndGlobalSection
	GlobalSection(SolutionProperties) = preSolution
		HideSolutionNode = FALSE
	EndGlobalSection
	GlobalSection(ExtensibilityGlobals) = postSolution
		SolutionGuid = {AEFE1798-9526-490D-B216-EC20BC0E0B52}
	EndGlobalSection
EndGlobal
